# This file is automatically @generated by Cargo.
# It is not intended for manual editing.
[[package]]
name = "add-digits"
version = "0.1.0"

[[package]]
name = "add-two-numbers"
version = "0.1.0"

[[package]]
name = "binary-tree-inorder-traversal"
version = "0.1.0"

[[package]]
name = "count-negative-numbers-in-a-sorted-matrix"
version = "0.1.0"

[[package]]
name = "daily-temperatures"
version = "0.1.0"

[[package]]
name = "find-pivot-index"
version = "0.1.0"

[[package]]
name = "how-many-numbers-are-smaller-than-the-current-number"
version = "0.1.0"

[[package]]
name = "lian-biao-zhong-dao-shu-di-kge-jie-dian-lcof"
version = "0.1.0"

[[package]]
name = "longest-substring-without-repeating-characters"
version = "0.1.0"

[[package]]
name = "non-decreasing-array"
version = "0.1.0"

[[package]]
name = "recover-binary-search-tree"
version = "0.1.0"

[[package]]
name = "reverse-integer"
version = "0.1.0"

[[package]]
name = "reverse-nodes-in-k-group"
version = "0.1.0"

[[package]]
name = "same-tree"
version = "0.1.0"

[[package]]
name = "symmetric-tree"
version = "0.1.0"

[[package]]
name = "two-sum"
version = "0.1.0"

[[package]]
name = "unique-binary-search-trees"
version = "0.1.0"

[[package]]
name = "valid-anagram"
version = "0.1.0"

[[package]]
name = "validate-binary-search-tree"
version = "0.1.0"

